
Microsoft Visual Studio Solution File, Format Version 12.00
# Visual Studio Version 16
VisualStudioVersion = 16.0.30804.86
MinimumVisualStudioVersion = 10.0.40219.1
Project("{FAE04EC0-301F-11D3-BF4B-00C04F79EFBC}") = "SystemThreadingChannels_Sample", "SystemThreadingChannels_Sample\SystemThreadingChannels_Sample.csproj", "{97235872-0C8B-450B-8779-AD6062D5DD7A}"
EndProject
Global
	GlobalSection(SolutionConfigurationPlatforms) = preSolution
		Debug|Any CPU = Debug|Any CPU
		Release|Any CPU = Release|Any CPU
	EndGlobalSection
	GlobalSection(ProjectConfigurationPlatforms) = postSolution
		{97235872-0C8B-450B-8779-AD6062D5DD7A}.Debug|Any CPU.ActiveCfg = Debug|Any CPU
		{97235872-0C8B-450B-8779-AD6062D5DD7A}.Debug|Any CPU.Build.0 = Debug|Any CPU
		{97235872-0C8B-450B-8779-AD6062D5DD7A}.Release|Any CPU.ActiveCfg = Release|Any CPU
		{97235872-0C8B-450B-8779-AD6062D5DD7A}.Release|Any CPU.Build.0 = Release|Any CPU
	EndGlobalSection
	GlobalSection(SolutionProperties) = preSolution
		HideSolutionNode = FALSE
	EndGlobalSection
	GlobalSection(ExtensibilityGlobals) = postSolution
		SolutionGuid = {C5665828-381F-43CF-A8BD-572480AE0311}
	EndGlobalSection
EndGlobal
